{
  "name": "week12-vids",
  "version": "1.0.0",
  "lockfileVersion": 2,
  "requires": true,
  "packages": {
    "": {
      "name": "week12-vids",
      "version": "1.0.0",
      "license": "ISC",
      "dependencies": {
        "4.5": "^0.5.0",
        "bootstrap": "^5.1.3",
        "jquery": "^3.6.0"
      }
    },
    "node_modules/@popperjs/core": {
      "version": "2.11.5",
      "resolved": "https://registry.npmjs.org/@popperjs/core/-/core-2.11.5.tgz",
      "integrity": "sha512-9X2obfABZuDVLCgPK9aX0a/x4jaOEweTTWE2+9sr0Qqqevj2Uv5XorvusThmc9XGYpS9yI+fhh8RTafBtGposw==",
      "peer": true,
      "funding": {
        "type": "opencollective",
        "url": "https://opencollective.com/popperjs"
      }
    },
    "node_modules/@typed/curry": {
      "version": "1.0.1",
      "resolved": "https://registry.npmjs.org/@typed/curry/-/curry-1.0.1.tgz",
      "integrity": "sha1-VV1GJLDL8J4QGUUybTu5/8q6NlU="
    },
    "node_modules/4.5": {
      "version": "0.5.0",
      "resolved": "https://registry.npmjs.org/4.5/-/4.5-0.5.0.tgz",
      "integrity": "sha1-QUbr7WIHy4DeGCATloP2Glfbuis=",
      "dependencies": {
        "@typed/curry": "^1.0.1",
        "typed-colors": "^1.0.0"
      }
    },
    "node_modules/bootstrap": {
      "version": "5.1.3",
      "resolved": "https://registry.npmjs.org/bootstrap/-/bootstrap-5.1.3.tgz",
      "integrity": "sha512-fcQztozJ8jToQWXxVuEyXWW+dSo8AiXWKwiSSrKWsRB/Qt+Ewwza+JWoLKiTuQLaEPhdNAJ7+Dosc9DOIqNy7Q==",
      "funding": {
        "type": "opencollective",
        "url": "https://opencollective.com/bootstrap"
      },
      "peerDependencies": {
        "@popperjs/core": "^2.10.2"
      }
    },
    "node_modules/jquery": {
      "version": "3.6.0",
      "resolved": "https://registry.npmjs.org/jquery/-/jquery-3.6.0.tgz",
      "integrity": "sha512-JVzAR/AjBvVt2BmYhxRCSYysDsPcssdmTFnzyLEts9qNwmjmu4JTAMYubEfwVOSwpQ1I1sKKFcxhZCI2buerfw=="
    },
    "node_modules/typed-colors": {
      "version": "1.0.0",
      "resolved": "https://registry.npmjs.org/typed-colors/-/typed-colors-1.0.0.tgz",
      "integrity": "sha1-qG+1cYPqjZVdgRrsDhAPVl5Iu7k="
    }
  },
  "dependencies": {
    "@popperjs/core": {
      "version": "2.11.5",
      "resolved": "https://registry.npmjs.org/@popperjs/core/-/core-2.11.5.tgz",
      "integrity": "sha512-9X2obfABZuDVLCgPK9aX0a/x4jaOEweTTWE2+9sr0Qqqevj2Uv5XorvusThmc9XGYpS9yI+fhh8RTafBtGposw==",
      "peer": true
    },
    "@typed/curry": {
      "version": "1.0.1",
      "resolved": "https://registry.npmjs.org/@typed/curry/-/curry-1.0.1.tgz",
      "integrity": "sha1-VV1GJLDL8J4QGUUybTu5/8q6NlU="
    },
    "4.5": {
      "version": "0.5.0",
      "resolved": "https://registry.npmjs.org/4.5/-/4.5-0.5.0.tgz",
      "integrity": "sha1-QUbr7WIHy4DeGCATloP2Glfbuis=",
      "requires": {
        "@typed/curry": "^1.0.1",
        "typed-colors": "^1.0.0"
      }
    },
    "bootstrap": {
      "version": "5.1.3",
      "resolved": "https://registry.npmjs.org/bootstrap/-/bootstrap-5.1.3.tgz",
      "integrity": "sha512-fcQztozJ8jToQWXxVuEyXWW+dSo8AiXWKwiSSrKWsRB/Qt+Ewwza+JWoLKiTuQLaEPhdNAJ7+Dosc9DOIqNy7Q==",
      "requires": {}
    },
    "jquery": {
      "version": "3.6.0",
      "resolved": "https://registry.npmjs.org/jquery/-/jquery-3.6.0.tgz",
      "integrity": "sha512-JVzAR/AjBvVt2BmYhxRCSYysDsPcssdmTFnzyLEts9qNwmjmu4JTAMYubEfwVOSwpQ1I1sKKFcxhZCI2buerfw=="
    },
    "typed-colors": {
      "version": "1.0.0",
      "resolved": "https://registry.npmjs.org/typed-colors/-/typed-colors-1.0.0.tgz",
      "integrity": "sha1-qG+1cYPqjZVdgRrsDhAPVl5Iu7k="
    }
  }
}
